// !$*UTF8*$!
{
	archiveVersion = 1;
	classes = {
	};
	objectVersion = 46;
	objects = {

/* Begin PBXBuildFile section */
		054F15D51D01310C009052FF /* NSDictionary+Safe.m in Sources */ = {isa = PBXBuildFile; fileRef = 054F15D41D01310C009052FF /* NSDictionary+Safe.m */; settings = {COMPILER_FLAGS = "-fno-objc-arc"; }; };
		054F15D81D015E33009052FF /* NSMutableDictionary+Safe.m in Sources */ = {isa = PBXBuildFile; fileRef = 054F15D71D015E33009052FF /* NSMutableDictionary+Safe.m */; settings = {COMPILER_FLAGS = "-fno-objc-arc"; }; };
		054F15DC1D016276009052FF /* NSSet+Safe.m in Sources */ = {isa = PBXBuildFile; fileRef = 054F15DB1D016276009052FF /* NSSet+Safe.m */; settings = {COMPILER_FLAGS = "-fno-objc-arc"; }; };
		054F15DF1D01628E009052FF /* NSMutableSet+Safe.m in Sources */ = {isa = PBXBuildFile; fileRef = 054F15DE1D01628E009052FF /* NSMutableSet+Safe.m */; settings = {COMPILER_FLAGS = "-fno-objc-arc"; }; };
		054F15E21D0168A8009052FF /* NSOrderedSet+Safe.m in Sources */ = {isa = PBXBuildFile; fileRef = 054F15E11D0168A8009052FF /* NSOrderedSet+Safe.m */; settings = {COMPILER_FLAGS = "-fno-objc-arc"; }; };
		054F15E51D0171B0009052FF /* NSMutableOrderedSet+Safe.m in Sources */ = {isa = PBXBuildFile; fileRef = 054F15E41D0171B0009052FF /* NSMutableOrderedSet+Safe.m */; };
		0553AFFB1CF6D8FF00E1D232 /* NSArray+safety.m in Sources */ = {isa = PBXBuildFile; fileRef = 0553AFF61CF6D8FF00E1D232 /* NSArray+safety.m */; settings = {COMPILER_FLAGS = "-fno-objc-arc"; }; };
		0553AFFC1CF6D8FF00E1D232 /* NSMutableArray+safe.m in Sources */ = {isa = PBXBuildFile; fileRef = 0553AFF71CF6D8FF00E1D232 /* NSMutableArray+safe.m */; settings = {COMPILER_FLAGS = "-fno-objc-arc"; }; };
		056F39CA1CF3F96D00516899 /* MyViewController.m in Sources */ = {isa = PBXBuildFile; fileRef = 056F39C91CF3F96D00516899 /* MyViewController.m */; };
		05A446881CE9CD3400768A87 /* NSObject+Swizzle.m in Sources */ = {isa = PBXBuildFile; fileRef = 05A446871CE9CD3400768A87 /* NSObject+Swizzle.m */; settings = {COMPILER_FLAGS = "-fno-objc-arc"; }; };
		05A4468B1CE9D1E600768A87 /* NSObject+Safe.m in Sources */ = {isa = PBXBuildFile; fileRef = 05A4468A1CE9D1E600768A87 /* NSObject+Safe.m */; settings = {COMPILER_FLAGS = "-fno-objc-arc"; }; };
		05B7DC771CE954E50040B0B5 /* main.m in Sources */ = {isa = PBXBuildFile; fileRef = 05B7DC761CE954E50040B0B5 /* main.m */; };
		05B7DC7A1CE954E50040B0B5 /* AppDelegate.m in Sources */ = {isa = PBXBuildFile; fileRef = 05B7DC791CE954E50040B0B5 /* AppDelegate.m */; };
		05B7DC7D1CE954E50040B0B5 /* ViewController.m in Sources */ = {isa = PBXBuildFile; fileRef = 05B7DC7C1CE954E50040B0B5 /* ViewController.m */; };
		05B7DC821CE954E50040B0B5 /* Assets.xcassets in Resources */ = {isa = PBXBuildFile; fileRef = 05B7DC811CE954E50040B0B5 /* Assets.xcassets */; };
		05B7DC851CE954E50040B0B5 /* LaunchScreen.storyboard in Resources */ = {isa = PBXBuildFile; fileRef = 05B7DC831CE954E50040B0B5 /* LaunchScreen.storyboard */; };
		05B7DC901CE954E50040B0B5 /* MRJSafeKitDemoTests.m in Sources */ = {isa = PBXBuildFile; fileRef = 05B7DC8F1CE954E50040B0B5 /* MRJSafeKitDemoTests.m */; };
		05B7DC9B1CE954E50040B0B5 /* MRJSafeKitDemoUITests.m in Sources */ = {isa = PBXBuildFile; fileRef = 05B7DC9A1CE954E50040B0B5 /* MRJSafeKitDemoUITests.m */; };
		05B7DCDA1CE95C760040B0B5 /* MRJSafeKit.framework in Frameworks */ = {isa = PBXBuildFile; fileRef = 05B7DCD21CE955140040B0B5 /* MRJSafeKit.framework */; };
/* End PBXBuildFile section */

/* Begin PBXContainerItemProxy section */
		05B7DC8C1CE954E50040B0B5 /* PBXContainerItemProxy */ = {
			isa = PBXContainerItemProxy;
			containerPortal = 05B7DC6A1CE954E50040B0B5 /* Project object */;
			proxyType = 1;
			remoteGlobalIDString = 05B7DC711CE954E50040B0B5;
			remoteInfo = MRJSafeKitDemo;
		};
		05B7DC971CE954E50040B0B5 /* PBXContainerItemProxy */ = {
			isa = PBXContainerItemProxy;
			containerPortal = 05B7DC6A1CE954E50040B0B5 /* Project object */;
			proxyType = 1;
			remoteGlobalIDString = 05B7DC711CE954E50040B0B5;
			remoteInfo = MRJSafeKitDemo;
		};
		05B7DCD11CE955140040B0B5 /* PBXContainerItemProxy */ = {
			isa = PBXContainerItemProxy;
			containerPortal = 05B7DCCC1CE955130040B0B5 /* MRJSafeKit.xcodeproj */;
			proxyType = 2;
			remoteGlobalIDString = 05B7DCB21CE955130040B0B5;
			remoteInfo = MRJSafeKit;
		};
		05B7DCD31CE955140040B0B5 /* PBXContainerItemProxy */ = {
			isa = PBXContainerItemProxy;
			containerPortal = 05B7DCCC1CE955130040B0B5 /* MRJSafeKit.xcodeproj */;
			proxyType = 2;
			remoteGlobalIDString = 05B7DCBC1CE955130040B0B5;
			remoteInfo = MRJSafeKitTests;
		};
/* End PBXContainerItemProxy section */

/* Begin PBXFileReference section */
		054F15D31D01310C009052FF /* NSDictionary+Safe.h */ = {isa = PBXFileReference; fileEncoding = 4; lastKnownFileType = sourcecode.c.h; name = "NSDictionary+Safe.h"; path = "MRJSafeKitDemo/NSDictionary+Safe.h"; sourceTree = "<group>"; };
		054F15D41D01310C009052FF /* NSDictionary+Safe.m */ = {isa = PBXFileReference; fileEncoding = 4; lastKnownFileType = sourcecode.c.objc; name = "NSDictionary+Safe.m"; path = "MRJSafeKitDemo/NSDictionary+Safe.m"; sourceTree = "<group>"; };
		054F15D61D015E33009052FF /* NSMutableDictionary+Safe.h */ = {isa = PBXFileReference; fileEncoding = 4; lastKnownFileType = sourcecode.c.h; name = "NSMutableDictionary+Safe.h"; path = "MRJSafeKitDemo/NSMutableDictionary+Safe.h"; sourceTree = "<group>"; };
		054F15D71D015E33009052FF /* NSMutableDictionary+Safe.m */ = {isa = PBXFileReference; fileEncoding = 4; lastKnownFileType = sourcecode.c.objc; name = "NSMutableDictionary+Safe.m"; path = "MRJSafeKitDemo/NSMutableDictionary+Safe.m"; sourceTree = "<group>"; };
		054F15DA1D016276009052FF /* NSSet+Safe.h */ = {isa = PBXFileReference; fileEncoding = 4; lastKnownFileType = sourcecode.c.h; name = "NSSet+Safe.h"; path = "MRJSafeKitDemo/NSSet+Safe.h"; sourceTree = "<group>"; };
		054F15DB1D016276009052FF /* NSSet+Safe.m */ = {isa = PBXFileReference; fileEncoding = 4; lastKnownFileType = sourcecode.c.objc; name = "NSSet+Safe.m"; path = "MRJSafeKitDemo/NSSet+Safe.m"; sourceTree = "<group>"; };
		054F15DD1D01628E009052FF /* NSMutableSet+Safe.h */ = {isa = PBXFileReference; fileEncoding = 4; lastKnownFileType = sourcecode.c.h; name = "NSMutableSet+Safe.h"; path = "MRJSafeKitDemo/NSMutableSet+Safe.h"; sourceTree = "<group>"; };
		054F15DE1D01628E009052FF /* NSMutableSet+Safe.m */ = {isa = PBXFileReference; fileEncoding = 4; lastKnownFileType = sourcecode.c.objc; name = "NSMutableSet+Safe.m"; path = "MRJSafeKitDemo/NSMutableSet+Safe.m"; sourceTree = "<group>"; };
		054F15E01D0168A8009052FF /* NSOrderedSet+Safe.h */ = {isa = PBXFileReference; fileEncoding = 4; lastKnownFileType = sourcecode.c.h; name = "NSOrderedSet+Safe.h"; path = "MRJSafeKitDemo/NSOrderedSet+Safe.h"; sourceTree = "<group>"; };
		054F15E11D0168A8009052FF /* NSOrderedSet+Safe.m */ = {isa = PBXFileReference; fileEncoding = 4; lastKnownFileType = sourcecode.c.objc; name = "NSOrderedSet+Safe.m"; path = "MRJSafeKitDemo/NSOrderedSet+Safe.m"; sourceTree = "<group>"; };
		054F15E31D0171B0009052FF /* NSMutableOrderedSet+Safe.h */ = {isa = PBXFileReference; fileEncoding = 4; lastKnownFileType = sourcecode.c.h; name = "NSMutableOrderedSet+Safe.h"; path = "MRJSafeKitDemo/NSMutableOrderedSet+Safe.h"; sourceTree = "<group>"; };
		054F15E41D0171B0009052FF /* NSMutableOrderedSet+Safe.m */ = {isa = PBXFileReference; fileEncoding = 4; lastKnownFileType = sourcecode.c.objc; name = "NSMutableOrderedSet+Safe.m"; path = "MRJSafeKitDemo/NSMutableOrderedSet+Safe.m"; sourceTree = "<group>"; };
		0553AFF61CF6D8FF00E1D232 /* NSArray+safety.m */ = {isa = PBXFileReference; fileEncoding = 4; lastKnownFileType = sourcecode.c.objc; name = "NSArray+safety.m"; path = "MRJSafeKitDemo/NSArray+safety.m"; sourceTree = "<group>"; };
		0553AFF71CF6D8FF00E1D232 /* NSMutableArray+safe.m */ = {isa = PBXFileReference; fileEncoding = 4; lastKnownFileType = sourcecode.c.objc; name = "NSMutableArray+safe.m"; path = "MRJSafeKitDemo/NSMutableArray+safe.m"; sourceTree = "<group>"; };
		0553AFF91CF6D8FF00E1D232 /* NSArray+safety.h */ = {isa = PBXFileReference; fileEncoding = 4; lastKnownFileType = sourcecode.c.h; name = "NSArray+safety.h"; path = "MRJSafeKitDemo/NSArray+safety.h"; sourceTree = "<group>"; };
		0553AFFA1CF6D8FF00E1D232 /* NSMutableArray+safe.h */ = {isa = PBXFileReference; fileEncoding = 4; lastKnownFileType = sourcecode.c.h; name = "NSMutableArray+safe.h"; path = "MRJSafeKitDemo/NSMutableArray+safe.h"; sourceTree = "<group>"; };
		056F39C81CF3F96D00516899 /* MyViewController.h */ = {isa = PBXFileReference; fileEncoding = 4; lastKnownFileType = sourcecode.c.h; path = MyViewController.h; sourceTree = "<group>"; };
		056F39C91CF3F96D00516899 /* MyViewController.m */ = {isa = PBXFileReference; fileEncoding = 4; lastKnownFileType = sourcecode.c.objc; path = MyViewController.m; sourceTree = "<group>"; };
		05A446861CE9CD3400768A87 /* NSObject+Swizzle.h */ = {isa = PBXFileReference; fileEncoding = 4; lastKnownFileType = sourcecode.c.h; name = "NSObject+Swizzle.h"; path = "MRJSafeKitDemo/NSObject+Swizzle.h"; sourceTree = "<group>"; };
		05A446871CE9CD3400768A87 /* NSObject+Swizzle.m */ = {isa = PBXFileReference; fileEncoding = 4; lastKnownFileType = sourcecode.c.objc; name = "NSObject+Swizzle.m"; path = "MRJSafeKitDemo/NSObject+Swizzle.m"; sourceTree = "<group>"; };
		05A446891CE9D1E600768A87 /* NSObject+Safe.h */ = {isa = PBXFileReference; fileEncoding = 4; lastKnownFileType = sourcecode.c.h; name = "NSObject+Safe.h"; path = "MRJSafeKitDemo/NSObject+Safe.h"; sourceTree = "<group>"; };
		05A4468A1CE9D1E600768A87 /* NSObject+Safe.m */ = {isa = PBXFileReference; fileEncoding = 4; lastKnownFileType = sourcecode.c.objc; name = "NSObject+Safe.m"; path = "MRJSafeKitDemo/NSObject+Safe.m"; sourceTree = "<group>"; };
		05B7DC721CE954E50040B0B5 /* MRJSafeKitDemo.app */ = {isa = PBXFileReference; explicitFileType = wrapper.application; includeInIndex = 0; path = MRJSafeKitDemo.app; sourceTree = BUILT_PRODUCTS_DIR; };
		05B7DC761CE954E50040B0B5 /* main.m */ = {isa = PBXFileReference; lastKnownFileType = sourcecode.c.objc; path = main.m; sourceTree = "<group>"; };
		05B7DC781CE954E50040B0B5 /* AppDelegate.h */ = {isa = PBXFileReference; lastKnownFileType = sourcecode.c.h; path = AppDelegate.h; sourceTree = "<group>"; };
		05B7DC791CE954E50040B0B5 /* AppDelegate.m */ = {isa = PBXFileReference; lastKnownFileType = sourcecode.c.objc; path = AppDelegate.m; sourceTree = "<group>"; };
		05B7DC7B1CE954E50040B0B5 /* ViewController.h */ = {isa = PBXFileReference; lastKnownFileType = sourcecode.c.h; path = ViewController.h; sourceTree = "<group>"; };
		05B7DC7C1CE954E50040B0B5 /* ViewController.m */ = {isa = PBXFileReference; lastKnownFileType = sourcecode.c.objc; path = ViewController.m; sourceTree = "<group>"; };
		05B7DC811CE954E50040B0B5 /* Assets.xcassets */ = {isa = PBXFileReference; lastKnownFileType = folder.assetcatalog; path = Assets.xcassets; sourceTree = "<group>"; };
		05B7DC841CE954E50040B0B5 /* Base */ = {isa = PBXFileReference; lastKnownFileType = file.storyboard; name = Base; path = Base.lproj/LaunchScreen.storyboard; sourceTree = "<group>"; };
		05B7DC861CE954E50040B0B5 /* Info.plist */ = {isa = PBXFileReference; lastKnownFileType = text.plist.xml; path = Info.plist; sourceTree = "<group>"; };
		05B7DC8B1CE954E50040B0B5 /* MRJSafeKitDemoTests.xctest */ = {isa = PBXFileReference; explicitFileType = wrapper.cfbundle; includeInIndex = 0; path = MRJSafeKitDemoTests.xctest; sourceTree = BUILT_PRODUCTS_DIR; };
		05B7DC8F1CE954E50040B0B5 /* MRJSafeKitDemoTests.m */ = {isa = PBXFileReference; lastKnownFileType = sourcecode.c.objc; path = MRJSafeKitDemoTests.m; sourceTree = "<group>"; };
		05B7DC911CE954E50040B0B5 /* Info.plist */ = {isa = PBXFileReference; lastKnownFileType = text.plist.xml; path = Info.plist; sourceTree = "<group>"; };
		05B7DC961CE954E50040B0B5 /* MRJSafeKitDemoUITests.xctest */ = {isa = PBXFileReference; explicitFileType = wrapper.cfbundle; includeInIndex = 0; path = MRJSafeKitDemoUITests.xctest; sourceTree = BUILT_PRODUCTS_DIR; };
		05B7DC9A1CE954E50040B0B5 /* MRJSafeKitDemoUITests.m */ = {isa = PBXFileReference; lastKnownFileType = sourcecode.c.objc; path = MRJSafeKitDemoUITests.m; sourceTree = "<group>"; };
		05B7DC9C1CE954E50040B0B5 /* Info.plist */ = {isa = PBXFileReference; lastKnownFileType = text.plist.xml; path = Info.plist; sourceTree = "<group>"; };
		05B7DCCC1CE955130040B0B5 /* MRJSafeKit.xcodeproj */ = {isa = PBXFileReference; lastKnownFileType = "wrapper.pb-project"; name = MRJSafeKit.xcodeproj; path = MRJSafeKit/MRJSafeKit.xcodeproj; sourceTree = "<group>"; };
/* End PBXFileReference section */

/* Begin PBXFrameworksBuildPhase section */
		05B7DC6F1CE954E50040B0B5 /* Frameworks */ = {
			isa = PBXFrameworksBuildPhase;
			buildActionMask = 2147483647;
			files = (
				05B7DCDA1CE95C760040B0B5 /* MRJSafeKit.framework in Frameworks */,
			);
			runOnlyForDeploymentPostprocessing = 0;
		};
		05B7DC881CE954E50040B0B5 /* Frameworks */ = {
			isa = PBXFrameworksBuildPhase;
			buildActionMask = 2147483647;
			files = (
			);
			runOnlyForDeploymentPostprocessing = 0;
		};
		05B7DC931CE954E50040B0B5 /* Frameworks */ = {
			isa = PBXFrameworksBuildPhase;
			buildActionMask = 2147483647;
			files = (
			);
			runOnlyForDeploymentPostprocessing = 0;
		};
/* End PBXFrameworksBuildPhase section */

/* Begin PBXGroup section */
		054F15CF1D013071009052FF /* NSDictionary_NoARC */ = {
			isa = PBXGroup;
			children = (
				054F15D31D01310C009052FF /* NSDictionary+Safe.h */,
				054F15D41D01310C009052FF /* NSDictionary+Safe.m */,
				054F15D61D015E33009052FF /* NSMutableDictionary+Safe.h */,
				054F15D71D015E33009052FF /* NSMutableDictionary+Safe.m */,
			);
			name = NSDictionary_NoARC;
			sourceTree = "<group>";
		};
		054F15D91D01623D009052FF /* NSset_NoARC */ = {
			isa = PBXGroup;
			children = (
				054F15DA1D016276009052FF /* NSSet+Safe.h */,
				054F15DB1D016276009052FF /* NSSet+Safe.m */,
				054F15DD1D01628E009052FF /* NSMutableSet+Safe.h */,
				054F15DE1D01628E009052FF /* NSMutableSet+Safe.m */,
				054F15E01D0168A8009052FF /* NSOrderedSet+Safe.h */,
				054F15E11D0168A8009052FF /* NSOrderedSet+Safe.m */,
				054F15E31D0171B0009052FF /* NSMutableOrderedSet+Safe.h */,
				054F15E41D0171B0009052FF /* NSMutableOrderedSet+Safe.m */,
			);
			name = NSset_NoARC;
			sourceTree = "<group>";
		};
		0553AFF51CF6D8C500E1D232 /* NSArray_NoARC */ = {
			isa = PBXGroup;
			children = (
				0553AFF91CF6D8FF00E1D232 /* NSArray+safety.h */,
				0553AFF61CF6D8FF00E1D232 /* NSArray+safety.m */,
				0553AFFA1CF6D8FF00E1D232 /* NSMutableArray+safe.h */,
				0553AFF71CF6D8FF00E1D232 /* NSMutableArray+safe.m */,
			);
			name = NSArray_NoARC;
			sourceTree = "<group>";
		};
		05B7DC691CE954E50040B0B5 = {
			isa = PBXGroup;
			children = (
				054F15D91D01623D009052FF /* NSset_NoARC */,
				054F15CF1D013071009052FF /* NSDictionary_NoARC */,
				0553AFF51CF6D8C500E1D232 /* NSArray_NoARC */,
				05A446891CE9D1E600768A87 /* NSObject+Safe.h */,
				05A4468A1CE9D1E600768A87 /* NSObject+Safe.m */,
				05A446861CE9CD3400768A87 /* NSObject+Swizzle.h */,
				05A446871CE9CD3400768A87 /* NSObject+Swizzle.m */,
				05B7DCCC1CE955130040B0B5 /* MRJSafeKit.xcodeproj */,
				05B7DC741CE954E50040B0B5 /* MRJSafeKitDemo */,
				05B7DC8E1CE954E50040B0B5 /* MRJSafeKitDemoTests */,
				05B7DC991CE954E50040B0B5 /* MRJSafeKitDemoUITests */,
				05B7DC731CE954E50040B0B5 /* Products */,
			);
			sourceTree = "<group>";
		};
		05B7DC731CE954E50040B0B5 /* Products */ = {
			isa = PBXGroup;
			children = (
				05B7DC721CE954E50040B0B5 /* MRJSafeKitDemo.app */,
				05B7DC8B1CE954E50040B0B5 /* MRJSafeKitDemoTests.xctest */,
				05B7DC961CE954E50040B0B5 /* MRJSafeKitDemoUITests.xctest */,
			);
			name = Products;
			sourceTree = "<group>";
		};
		05B7DC741CE954E50040B0B5 /* MRJSafeKitDemo */ = {
			isa = PBXGroup;
			children = (
				05B7DC781CE954E50040B0B5 /* AppDelegate.h */,
				05B7DC791CE954E50040B0B5 /* AppDelegate.m */,
				05B7DC7B1CE954E50040B0B5 /* ViewController.h */,
				05B7DC7C1CE954E50040B0B5 /* ViewController.m */,
				05B7DC811CE954E50040B0B5 /* Assets.xcassets */,
				05B7DC831CE954E50040B0B5 /* LaunchScreen.storyboard */,
				05B7DC861CE954E50040B0B5 /* Info.plist */,
				05B7DC751CE954E50040B0B5 /* Supporting Files */,
				056F39C81CF3F96D00516899 /* MyViewController.h */,
				056F39C91CF3F96D00516899 /* MyViewController.m */,
			);
			path = MRJSafeKitDemo;
			sourceTree = "<group>";
		};
		05B7DC751CE954E50040B0B5 /* Supporting Files */ = {
			isa = PBXGroup;
			children = (
				05B7DC761CE954E50040B0B5 /* main.m */,
			);
			name = "Supporting Files";
			sourceTree = "<group>";
		};
		05B7DC8E1CE954E50040B0B5 /* MRJSafeKitDemoTests */ = {
			isa = PBXGroup;
			children = (
				05B7DC8F1CE954E50040B0B5 /* MRJSafeKitDemoTests.m */,
				05B7DC911CE954E50040B0B5 /* Info.plist */,
			);
			path = MRJSafeKitDemoTests;
			sourceTree = "<group>";
		};
		05B7DC991CE954E50040B0B5 /* MRJSafeKitDemoUITests */ = {
			isa = PBXGroup;
			children = (
				05B7DC9A1CE954E50040B0B5 /* MRJSafeKitDemoUITests.m */,
				05B7DC9C1CE954E50040B0B5 /* Info.plist */,
			);
			path = MRJSafeKitDemoUITests;
			sourceTree = "<group>";
		};
		05B7DCCD1CE955130040B0B5 /* Products */ = {
			isa = PBXGroup;
			children = (
				05B7DCD21CE955140040B0B5 /* MRJSafeKit.framework */,
				05B7DCD41CE955140040B0B5 /* MRJSafeKitTests.xctest */,
			);
			name = Products;
			sourceTree = "<group>";
		};
/* End PBXGroup section */

/* Begin PBXNativeTarget section */
		05B7DC711CE954E50040B0B5 /* MRJSafeKitDemo */ = {
			isa = PBXNativeTarget;
			buildConfigurationList = 05B7DC9F1CE954E50040B0B5 /* Build configuration list for PBXNativeTarget "MRJSafeKitDemo" */;
			buildPhases = (
				05B7DC6E1CE954E50040B0B5 /* Sources */,
				05B7DC6F1CE954E50040B0B5 /* Frameworks */,
				05B7DC701CE954E50040B0B5 /* Resources */,
			);
			buildRules = (
			);
			dependencies = (
			);
			name = MRJSafeKitDemo;
			productName = MRJSafeKitDemo;
			productReference = 05B7DC721CE954E50040B0B5 /* MRJSafeKitDemo.app */;
			productType = "com.apple.product-type.application";
		};
		05B7DC8A1CE954E50040B0B5 /* MRJSafeKitDemoTests */ = {
			isa = PBXNativeTarget;
			buildConfigurationList = 05B7DCA21CE954E50040B0B5 /* Build configuration list for PBXNativeTarget "MRJSafeKitDemoTests" */;
			buildPhases = (
				05B7DC871CE954E50040B0B5 /* Sources */,
				05B7DC881CE954E50040B0B5 /* Frameworks */,
				05B7DC891CE954E50040B0B5 /* Resources */,
			);
			buildRules = (
			);
			dependencies = (
				05B7DC8D1CE954E50040B0B5 /* PBXTargetDependency */,
			);
			name = MRJSafeKitDemoTests;
			productName = MRJSafeKitDemoTests;
			productReference = 05B7DC8B1CE954E50040B0B5 /* MRJSafeKitDemoTests.xctest */;
			productType = "com.apple.product-type.bundle.unit-test";
		};
		05B7DC951CE954E50040B0B5 /* MRJSafeKitDemoUITests */ = {
			isa = PBXNativeTarget;
			buildConfigurationList = 05B7DCA51CE954E50040B0B5 /* Build configuration list for PBXNativeTarget "MRJSafeKitDemoUITests" */;
			buildPhases = (
				05B7DC921CE954E50040B0B5 /* Sources */,
				05B7DC931CE954E50040B0B5 /* Frameworks */,
				05B7DC941CE954E50040B0B5 /* Resources */,
			);
			buildRules = (
			);
			dependencies = (
				05B7DC981CE954E50040B0B5 /* PBXTargetDependency */,
			);
			name = MRJSafeKitDemoUITests;
			productName = MRJSafeKitDemoUITests;
			productReference = 05B7DC961CE954E50040B0B5 /* MRJSafeKitDemoUITests.xctest */;
			productType = "com.apple.product-type.bundle.ui-testing";
		};
/* End PBXNativeTarget section */

/* Begin PBXProject section */
		05B7DC6A1CE954E50040B0B5 /* Project object */ = {
			isa = PBXProject;
			attributes = {
				LastUpgradeCheck = 0730;
				ORGANIZATIONNAME = laomi;
				TargetAttributes = {
					05B7DC711CE954E50040B0B5 = {
						CreatedOnToolsVersion = 7.3;
					};
					05B7DC8A1CE954E50040B0B5 = {
						CreatedOnToolsVersion = 7.3;
						TestTargetID = 05B7DC711CE954E50040B0B5;
					};
					05B7DC951CE954E50040B0B5 = {
						CreatedOnToolsVersion = 7.3;
						TestTargetID = 05B7DC711CE954E50040B0B5;
					};
				};
			};
			buildConfigurationList = 05B7DC6D1CE954E50040B0B5 /* Build configuration list for PBXProject "MRJSafeKitDemo" */;
			compatibilityVersion = "Xcode 3.2";
			developmentRegion = English;
			hasScannedForEncodings = 0;
			knownRegions = (
				en,
				Base,
			);
			mainGroup = 05B7DC691CE954E50040B0B5;
			productRefGroup = 05B7DC731CE954E50040B0B5 /* Products */;
			projectDirPath = "";
			projectReferences = (
				{
					ProductGroup = 05B7DCCD1CE955130040B0B5 /* Products */;
					ProjectRef = 05B7DCCC1CE955130040B0B5 /* MRJSafeKit.xcodeproj */;
				},
			);
			projectRoot = "";
			targets = (
				05B7DC711CE954E50040B0B5 /* MRJSafeKitDemo */,
				05B7DC8A1CE954E50040B0B5 /* MRJSafeKitDemoTests */,
				05B7DC951CE954E50040B0B5 /* MRJSafeKitDemoUITests */,
			);
		};
/* End PBXProject section */

/* Begin PBXReferenceProxy section */
		05B7DCD21CE955140040B0B5 /* MRJSafeKit.framework */ = {
			isa = PBXReferenceProxy;
			fileType = wrapper.framework;
			path = MRJSafeKit.framework;
			remoteRef = 05B7DCD11CE955140040B0B5 /* PBXContainerItemProxy */;
			sourceTree = BUILT_PRODUCTS_DIR;
		};
		05B7DCD41CE955140040B0B5 /* MRJSafeKitTests.xctest */ = {
			isa = PBXReferenceProxy;
			fileType = wrapper.cfbundle;
			path = MRJSafeKitTests.xctest;
			remoteRef = 05B7DCD31CE955140040B0B5 /* PBXContainerItemProxy */;
			sourceTree = BUILT_PRODUCTS_DIR;
		};
/* End PBXReferenceProxy section */

/* Begin PBXResourcesBuildPhase section */
		05B7DC701CE954E50040B0B5 /* Resources */ = {
			isa = PBXResourcesBuildPhase;
			buildActionMask = 2147483647;
			files = (
				05B7DC851CE954E50040B0B5 /* LaunchScreen.storyboard in Resources */,
				05B7DC821CE954E50040B0B5 /* Assets.xcassets in Resources */,
			);
			runOnlyForDeploymentPostprocessing = 0;
		};
		05B7DC891CE954E50040B0B5 /* Resources */ = {
			isa = PBXResourcesBuildPhase;
			buildActionMask = 2147483647;
			files = (
			);
			runOnlyForDeploymentPostprocessing = 0;
		};
		05B7DC941CE954E50040B0B5 /* Resources */ = {
			isa = PBXResourcesBuildPhase;
			buildActionMask = 2147483647;
			files = (
			);
			runOnlyForDeploymentPostprocessing = 0;
		};
/* End PBXResourcesBuildPhase section */

/* Begin PBXSourcesBuildPhase section */
		05B7DC6E1CE954E50040B0B5 /* Sources */ = {
			isa = PBXSourcesBuildPhase;
			buildActionMask = 2147483647;
			files = (
				05A446881CE9CD3400768A87 /* NSObject+Swizzle.m in Sources */,
				05B7DC7D1CE954E50040B0B5 /* ViewController.m in Sources */,
				054F15DC1D016276009052FF /* NSSet+Safe.m in Sources */,
				054F15E51D0171B0009052FF /* NSMutableOrderedSet+Safe.m in Sources */,
				056F39CA1CF3F96D00516899 /* MyViewController.m in Sources */,
				0553AFFB1CF6D8FF00E1D232 /* NSArray+safety.m in Sources */,
				054F15D81D015E33009052FF /* NSMutableDictionary+Safe.m in Sources */,
				0553AFFC1CF6D8FF00E1D232 /* NSMutableArray+safe.m in Sources */,
				054F15DF1D01628E009052FF /* NSMutableSet+Safe.m in Sources */,
				054F15E21D0168A8009052FF /* NSOrderedSet+Safe.m in Sources */,
				054F15D51D01310C009052FF /* NSDictionary+Safe.m in Sources */,
				05B7DC7A1CE954E50040B0B5 /* AppDelegate.m in Sources */,
				05A4468B1CE9D1E600768A87 /* NSObject+Safe.m in Sources */,
				05B7DC771CE954E50040B0B5 /* main.m in Sources */,
			);
			runOnlyForDeploymentPostprocessing = 0;
		};
		05B7DC871CE954E50040B0B5 /* Sources */ = {
			isa = PBXSourcesBuildPhase;
			buildActionMask = 2147483647;
			files = (
				05B7DC901CE954E50040B0B5 /* MRJSafeKitDemoTests.m in Sources */,
			);
			runOnlyForDeploymentPostprocessing = 0;
		};
		05B7DC921CE954E50040B0B5 /* Sources */ = {
			isa = PBXSourcesBuildPhase;
			buildActionMask = 2147483647;
			files = (
				05B7DC9B1CE954E50040B0B5 /* MRJSafeKitDemoUITests.m in Sources */,
			);
			runOnlyForDeploymentPostprocessing = 0;
		};
/* End PBXSourcesBuildPhase section */

/* Begin PBXTargetDependency section */
		05B7DC8D1CE954E50040B0B5 /* PBXTargetDependency */ = {
			isa = PBXTargetDependency;
			target = 05B7DC711CE954E50040B0B5 /* MRJSafeKitDemo */;
			targetProxy = 05B7DC8C1CE954E50040B0B5 /* PBXContainerItemProxy */;
		};
		05B7DC981CE954E50040B0B5 /* PBXTargetDependency */ = {
			isa = PBXTargetDependency;
			target = 05B7DC711CE954E50040B0B5 /* MRJSafeKitDemo */;
			targetProxy = 05B7DC971CE954E50040B0B5 /* PBXContainerItemProxy */;
		};
/* End PBXTargetDependency section */

/* Begin PBXVariantGroup section */
		05B7DC831CE954E50040B0B5 /* LaunchScreen.storyboard */ = {
			isa = PBXVariantGroup;
			children = (
				05B7DC841CE954E50040B0B5 /* Base */,
			);
			name = LaunchScreen.storyboard;
			sourceTree = "<group>";
		};
/* End PBXVariantGroup section */

/* Begin XCBuildConfiguration section */
		05B7DC9D1CE954E50040B0B5 /* Debug */ = {
			isa = XCBuildConfiguration;
			buildSettings = {
				ALWAYS_SEARCH_USER_PATHS = NO;
				CLANG_ANALYZER_NONNULL = YES;
				CLANG_CXX_LANGUAGE_STANDARD = "gnu++0x";
				CLANG_CXX_LIBRARY = "libc++";
				CLANG_ENABLE_MODULES = YES;
				CLANG_ENABLE_OBJC_ARC = YES;
				CLANG_WARN_BOOL_CONVERSION = YES;
				CLANG_WARN_CONSTANT_CONVERSION = YES;
				CLANG_WARN_DIRECT_OBJC_ISA_USAGE = YES_ERROR;
				CLANG_WARN_EMPTY_BODY = YES;
				CLANG_WARN_ENUM_CONVERSION = YES;
				CLANG_WARN_INT_CONVERSION = YES;
				CLANG_WARN_OBJC_ROOT_CLASS = YES_ERROR;
				CLANG_WARN_UNREACHABLE_CODE = YES;
				CLANG_WARN__DUPLICATE_METHOD_MATCH = YES;
				"CODE_SIGN_IDENTITY[sdk=iphoneos*]" = "iPhone Developer";
				COPY_PHASE_STRIP = NO;
				DEBUG_INFORMATION_FORMAT = dwarf;
				ENABLE_STRICT_OBJC_MSGSEND = YES;
				ENABLE_TESTABILITY = YES;
				GCC_C_LANGUAGE_STANDARD = gnu99;
				GCC_DYNAMIC_NO_PIC = NO;
				GCC_NO_COMMON_BLOCKS = YES;
				GCC_OPTIMIZATION_LEVEL = 0;
				GCC_PREPROCESSOR_DEFINITIONS = (
					"DEBUG=1",
					"$(inherited)",
				);
				GCC_WARN_64_TO_32_BIT_CONVERSION = YES;
				GCC_WARN_ABOUT_RETURN_TYPE = YES_ERROR;
				GCC_WARN_UNDECLARED_SELECTOR = YES;
				GCC_WARN_UNINITIALIZED_AUTOS = YES_AGGRESSIVE;
				GCC_WARN_UNUSED_FUNCTION = YES;
				GCC_WARN_UNUSED_VARIABLE = YES;
				IPHONEOS_DEPLOYMENT_TARGET = 9.3;
				MTL_ENABLE_DEBUG_INFO = YES;
				ONLY_ACTIVE_ARCH = YES;
				SDKROOT = iphoneos;
			};
			name = Debug;
		};
		05B7DC9E1CE954E50040B0B5 /* Release */ = {
			isa = XCBuildConfiguration;
			buildSettings = {
				ALWAYS_SEARCH_USER_PATHS = NO;
				CLANG_ANALYZER_NONNULL = YES;
				CLANG_CXX_LANGUAGE_STANDARD = "gnu++0x";
				CLANG_CXX_LIBRARY = "libc++";
				CLANG_ENABLE_MODULES = YES;
				CLANG_ENABLE_OBJC_ARC = YES;
				CLANG_WARN_BOOL_CONVERSION = YES;
				CLANG_WARN_CONSTANT_CONVERSION = YES;
				CLANG_WARN_DIRECT_OBJC_ISA_USAGE = YES_ERROR;
				CLANG_WARN_EMPTY_BODY = YES;
				CLANG_WARN_ENUM_CONVERSION = YES;
				CLANG_WARN_INT_CONVERSION = YES;
				CLANG_WARN_OBJC_ROOT_CLASS = YES_ERROR;
				CLANG_WARN_UNREACHABLE_CODE = YES;
				CLANG_WARN__DUPLICATE_METHOD_MATCH = YES;
				"CODE_SIGN_IDENTITY[sdk=iphoneos*]" = "iPhone Developer";
				COPY_PHASE_STRIP = NO;
				DEBUG_INFORMATION_FORMAT = "dwarf-with-dsym";
				ENABLE_NS_ASSERTIONS = NO;
				ENABLE_STRICT_OBJC_MSGSEND = YES;
				GCC_C_LANGUAGE_STANDARD = gnu99;
				GCC_NO_COMMON_BLOCKS = YES;
				GCC_WARN_64_TO_32_BIT_CONVERSION = YES;
				GCC_WARN_ABOUT_RETURN_TYPE = YES_ERROR;
				GCC_WARN_UNDECLARED_SELECTOR = YES;
				GCC_WARN_UNINITIALIZED_AUTOS = YES_AGGRESSIVE;
				GCC_WARN_UNUSED_FUNCTION = YES;
				GCC_WARN_UNUSED_VARIABLE = YES;
				IPHONEOS_DEPLOYMENT_TARGET = 9.3;
				MTL_ENABLE_DEBUG_INFO = NO;
				SDKROOT = iphoneos;
				VALIDATE_PRODUCT = YES;
			};
			name = Release;
		};
		05B7DCA01CE954E50040B0B5 /* Debug */ = {
			isa = XCBuildConfiguration;
			buildSettings = {
				ASSETCATALOG_COMPILER_APPICON_NAME = AppIcon;
				CLANG_ENABLE_OBJC_ARC = YES;
				INFOPLIST_FILE = MRJSafeKitDemo/Info.plist;
				LD_RUNPATH_SEARCH_PATHS = "$(inherited) @executable_path/Frameworks";
				PRODUCT_BUNDLE_IDENTIFIER = MRJ.MRJSafeKitDemo;
				PRODUCT_NAME = "$(TARGET_NAME)";
			};
			name = Debug;
		};
		05B7DCA11CE954E50040B0B5 /* Release */ = {
			isa = XCBuildConfiguration;
			buildSettings = {
				ASSETCATALOG_COMPILER_APPICON_NAME = AppIcon;
				CLANG_ENABLE_OBJC_ARC = YES;
				INFOPLIST_FILE = MRJSafeKitDemo/Info.plist;
				LD_RUNPATH_SEARCH_PATHS = "$(inherited) @executable_path/Frameworks";
				PRODUCT_BUNDLE_IDENTIFIER = MRJ.MRJSafeKitDemo;
				PRODUCT_NAME = "$(TARGET_NAME)";
			};
			name = Release;
		};
		05B7DCA31CE954E50040B0B5 /* Debug */ = {
			isa = XCBuildConfiguration;
			buildSettings = {
				BUNDLE_LOADER = "$(TEST_HOST)";
				INFOPLIST_FILE = MRJSafeKitDemoTests/Info.plist;
				LD_RUNPATH_SEARCH_PATHS = "$(inherited) @executable_path/Frameworks @loader_path/Frameworks";
				PRODUCT_BUNDLE_IDENTIFIER = MRJ.MRJSafeKitDemoTests;
				PRODUCT_NAME = "$(TARGET_NAME)";
				TEST_HOST = "$(BUILT_PRODUCTS_DIR)/MRJSafeKitDemo.app/MRJSafeKitDemo";
			};
			name = Debug;
		};
		05B7DCA41CE954E50040B0B5 /* Release */ = {
			isa = XCBuildConfiguration;
			buildSettings = {
				BUNDLE_LOADER = "$(TEST_HOST)";
				INFOPLIST_FILE = MRJSafeKitDemoTests/Info.plist;
				LD_RUNPATH_SEARCH_PATHS = "$(inherited) @executable_path/Frameworks @loader_path/Frameworks";
				PRODUCT_BUNDLE_IDENTIFIER = MRJ.MRJSafeKitDemoTests;
				PRODUCT_NAME = "$(TARGET_NAME)";
				TEST_HOST = "$(BUILT_PRODUCTS_DIR)/MRJSafeKitDemo.app/MRJSafeKitDemo";
			};
			name = Release;
		};
		05B7DCA61CE954E50040B0B5 /* Debug */ = {
			isa = XCBuildConfiguration;
			buildSettings = {
				INFOPLIST_FILE = MRJSafeKitDemoUITests/Info.plist;
				LD_RUNPATH_SEARCH_PATHS = "$(inherited) @executable_path/Frameworks @loader_path/Frameworks";
				PRODUCT_BUNDLE_IDENTIFIER = MRJ.MRJSafeKitDemoUITests;
				PRODUCT_NAME = "$(TARGET_NAME)";
				TEST_TARGET_NAME = MRJSafeKitDemo;
			};
			name = Debug;
		};
		05B7DCA71CE954E50040B0B5 /* Release */ = {
			isa = XCBuildConfiguration;
			buildSettings = {
				INFOPLIST_FILE = MRJSafeKitDemoUITests/Info.plist;
				LD_RUNPATH_SEARCH_PATHS = "$(inherited) @executable_path/Frameworks @loader_path/Frameworks";
				PRODUCT_BUNDLE_IDENTIFIER = MRJ.MRJSafeKitDemoUITests;
				PRODUCT_NAME = "$(TARGET_NAME)";
				TEST_TARGET_NAME = MRJSafeKitDemo;
			};
			name = Release;
		};
/* End XCBuildConfiguration section */

/* Begin XCConfigurationList section */
		05B7DC6D1CE954E50040B0B5 /* Build configuration list for PBXProject "MRJSafeKitDemo" */ = {
			isa = XCConfigurationList;
			buildConfigurations = (
				05B7DC9D1CE954E50040B0B5 /* Debug */,
				05B7DC9E1CE954E50040B0B5 /* Release */,
			);
			defaultConfigurationIsVisible = 0;
			defaultConfigurationName = Release;
		};
		05B7DC9F1CE954E50040B0B5 /* Build configuration list for PBXNativeTarget "MRJSafeKitDemo" */ = {
			isa = XCConfigurationList;
			buildConfigurations = (
				05B7DCA01CE954E50040B0B5 /* Debug */,
				05B7DCA11CE954E50040B0B5 /* Release */,
			);
			defaultConfigurationIsVisible = 0;
			defaultConfigurationName = Release;
		};
		05B7DCA21CE954E50040B0B5 /* Build configuration list for PBXNativeTarget "MRJSafeKitDemoTests" */ = {
			isa = XCConfigurationList;
			buildConfigurations = (
				05B7DCA31CE954E50040B0B5 /* Debug */,
				05B7DCA41CE954E50040B0B5 /* Release */,
			);
			defaultConfigurationIsVisible = 0;
			defaultConfigurationName = Release;
		};
		05B7DCA51CE954E50040B0B5 /* Build configuration list for PBXNativeTarget "MRJSafeKitDemoUITests" */ = {
			isa = XCConfigurationList;
			buildConfigurations = (
				05B7DCA61CE954E50040B0B5 /* Debug */,
				05B7DCA71CE954E50040B0B5 /* Release */,
			);
			defaultConfigurationIsVisible = 0;
			defaultConfigurationName = Release;
		};
/* End XCConfigurationList section */
	};
	rootObject = 05B7DC6A1CE954E50040B0B5 /* Project object */;
}
